{
  "name": "mtk",
  "lockfileVersion": 2,
  "requires": true,
  "packages": {
    "": {
      "dependencies": {
        "require-all": "^3.0.0"
      }
    },
    "node_modules/require-all": {
      "version": "3.0.0",
      "resolved": "https://registry.npmjs.org/require-all/-/require-all-3.0.0.tgz",
      "integrity": "sha512-jPGN876lc5exWYrMcgZSd7U42P0PmVQzxnQB13fCSzmyGnqQWW4WUz5DosZ/qe24hz+5o9lSvW2epBNZ1xa6Fw==",
      "engines": {
        "node": ">= 0.8"
      }
    }
  },
  "dependencies": {
    "require-all": {
      "version": "3.0.0",
      "resolved": "https://registry.npmjs.org/require-all/-/require-all-3.0.0.tgz",
      "integrity": "sha512-jPGN876lc5exWYrMcgZSd7U42P0PmVQzxnQB13fCSzmyGnqQWW4WUz5DosZ/qe24hz+5o9lSvW2epBNZ1xa6Fw=="
    }
  }
}
